
Microsoft Visual Studio Solution File, Format Version 12.00
# Visual Studio 15
Project("{FAE04EC0-301F-11D3-BF4B-00C04F79EFBC}") = "Lab6", "Lab6\Lab6.csproj", "{36B68E63-4915-438B-AB3B-A3B68D7AD0E1}"
EndProject
Global
	GlobalSection(SolutionConfigurationPlatforms) = preSolution
		Debug|anycpu = Debug|anycpu
		Release|anycpu = Release|anycpu
	EndGlobalSection
	GlobalSection(ProjectConfigurationPlatforms) = postSolution
		{36B68E63-4915-438B-AB3B-A3B68D7AD0E1}.Debug|anycpu.ActiveCfg = Debug|anycpu
		{36B68E63-4915-438B-AB3B-A3B68D7AD0E1}.Debug|anycpu.Build.0 = Debug|anycpu
		{36B68E63-4915-438B-AB3B-A3B68D7AD0E1}.Release|anycpu.ActiveCfg = Release|anycpu
		{36B68E63-4915-438B-AB3B-A3B68D7AD0E1}.Release|anycpu.Build.0 = Release|anycpu
	EndGlobalSection
EndGlobal
